
Microsoft Visual Studio Solution File, Format Version 12.00
# Visual Studio Version 16
VisualStudioVersion = 16.0.30128.74
MinimumVisualStudioVersion = 10.0.40219.1
Project("{FAE04EC0-301F-11D3-BF4B-00C04F79EFBC}") = "Telas", "Estoque_Empresa\Telas.csproj", "{62AC112C-976E-4896-9E33-EA0C0AE344AC}"
EndProject
Project("{2150E333-8FDC-42A3-9474-1A3956D46DE8}") = "DAO", "DAO", "{FB034F53-53A4-4B93-BBD4-FB4ACCF97120}"
EndProject
Project("{2150E333-8FDC-42A3-9474-1A3956D46DE8}") = "Business", "Business", "{80B76C7F-37FA-408F-BD93-8D3DF0AFFDA6}"
EndProject
Project("{2150E333-8FDC-42A3-9474-1A3956D46DE8}") = "Interface", "Interface", "{BDAC14A0-A2C7-4048-962B-18EA0445CC55}"
EndProject
Project("{9A19103F-16F7-4668-BE54-9A1E7A4F7556}") = "Classes", "Classes\Classes.csproj", "{0207F6C9-EB5D-45B8-8CE4-39C05CB83A4B}"
EndProject
Project("{9A19103F-16F7-4668-BE54-9A1E7A4F7556}") = "DAOs", "VO\DAOs.csproj", "{71DAADB1-2DAB-4BB1-9A00-823EB96A18F1}"
EndProject
Project("{2150E333-8FDC-42A3-9474-1A3956D46DE8}") = "Comuns", "Comuns", "{51552F79-A153-4F39-B1AD-DE1C6BA0D5D1}"
EndProject
Project("{9A19103F-16F7-4668-BE54-9A1E7A4F7556}") = "Entidades", "VOS\Entidades.csproj", "{9B73E376-CE81-41B5-B96F-FAEA8F3B036A}"
EndProject
Project("{FAE04EC0-301F-11D3-BF4B-00C04F79EFBC}") = "Crud", "Crud\Crud.csproj", "{238F0CCF-6CCB-4CC8-9146-0C6C8C2CCD72}"
EndProject
Global
	GlobalSection(SolutionConfigurationPlatforms) = preSolution
		Debug|Any CPU = Debug|Any CPU
		Release|Any CPU = Release|Any CPU
	EndGlobalSection
	GlobalSection(ProjectConfigurationPlatforms) = postSolution
		{62AC112C-976E-4896-9E33-EA0C0AE344AC}.Debug|Any CPU.ActiveCfg = Debug|Any CPU
		{62AC112C-976E-4896-9E33-EA0C0AE344AC}.Debug|Any CPU.Build.0 = Debug|Any CPU
		{62AC112C-976E-4896-9E33-EA0C0AE344AC}.Release|Any CPU.ActiveCfg = Release|Any CPU
		{62AC112C-976E-4896-9E33-EA0C0AE344AC}.Release|Any CPU.Build.0 = Release|Any CPU
		{0207F6C9-EB5D-45B8-8CE4-39C05CB83A4B}.Debug|Any CPU.ActiveCfg = Debug|Any CPU
		{0207F6C9-EB5D-45B8-8CE4-39C05CB83A4B}.Debug|Any CPU.Build.0 = Debug|Any CPU
		{0207F6C9-EB5D-45B8-8CE4-39C05CB83A4B}.Release|Any CPU.ActiveCfg = Release|Any CPU
		{0207F6C9-EB5D-45B8-8CE4-39C05CB83A4B}.Release|Any CPU.Build.0 = Release|Any CPU
		{71DAADB1-2DAB-4BB1-9A00-823EB96A18F1}.Debug|Any CPU.ActiveCfg = Debug|Any CPU
		{71DAADB1-2DAB-4BB1-9A00-823EB96A18F1}.Debug|Any CPU.Build.0 = Debug|Any CPU
		{71DAADB1-2DAB-4BB1-9A00-823EB96A18F1}.Release|Any CPU.ActiveCfg = Release|Any CPU
		{71DAADB1-2DAB-4BB1-9A00-823EB96A18F1}.Release|Any CPU.Build.0 = Release|Any CPU
		{9B73E376-CE81-41B5-B96F-FAEA8F3B036A}.Debug|Any CPU.ActiveCfg = Debug|Any CPU
		{9B73E376-CE81-41B5-B96F-FAEA8F3B036A}.Debug|Any CPU.Build.0 = Debug|Any CPU
		{9B73E376-CE81-41B5-B96F-FAEA8F3B036A}.Release|Any CPU.ActiveCfg = Release|Any CPU
		{9B73E376-CE81-41B5-B96F-FAEA8F3B036A}.Release|Any CPU.Build.0 = Release|Any CPU
		{238F0CCF-6CCB-4CC8-9146-0C6C8C2CCD72}.Debug|Any CPU.ActiveCfg = Debug|Any CPU
		{238F0CCF-6CCB-4CC8-9146-0C6C8C2CCD72}.Debug|Any CPU.Build.0 = Debug|Any CPU
		{238F0CCF-6CCB-4CC8-9146-0C6C8C2CCD72}.Release|Any CPU.ActiveCfg = Release|Any CPU
		{238F0CCF-6CCB-4CC8-9146-0C6C8C2CCD72}.Release|Any CPU.Build.0 = Release|Any CPU
	EndGlobalSection
	GlobalSection(SolutionProperties) = preSolution
		HideSolutionNode = FALSE
	EndGlobalSection
	GlobalSection(NestedProjects) = preSolution
		{62AC112C-976E-4896-9E33-EA0C0AE344AC} = {BDAC14A0-A2C7-4048-962B-18EA0445CC55}
		{0207F6C9-EB5D-45B8-8CE4-39C05CB83A4B} = {80B76C7F-37FA-408F-BD93-8D3DF0AFFDA6}
		{71DAADB1-2DAB-4BB1-9A00-823EB96A18F1} = {FB034F53-53A4-4B93-BBD4-FB4ACCF97120}
		{9B73E376-CE81-41B5-B96F-FAEA8F3B036A} = {51552F79-A153-4F39-B1AD-DE1C6BA0D5D1}
		{238F0CCF-6CCB-4CC8-9146-0C6C8C2CCD72} = {80B76C7F-37FA-408F-BD93-8D3DF0AFFDA6}
	EndGlobalSection
	GlobalSection(ExtensibilityGlobals) = postSolution
		SolutionGuid = {472664E3-D5E7-41E9-A73B-FC3C0D31A42B}
	EndGlobalSection
EndGlobal
