
Microsoft Visual Studio Solution File, Format Version 12.00
# Visual Studio Version 16
VisualStudioVersion = 16.0.30128.74
MinimumVisualStudioVersion = 10.0.40219.1
Project("{FAE04EC0-301F-11D3-BF4B-00C04F79EFBC}") = "Telas", "Estoque_Empresa\Telas.csproj", "{C66D33B5-FFDE-4E37-B0B5-252936C1F7AE}"
EndProject
Project("{2150E333-8FDC-42A3-9474-1A3956D46DE8}") = "Business", "Business", "{6A8C3253-B4FD-42ED-8710-A1FC6B60A270}"
EndProject
Project("{2150E333-8FDC-42A3-9474-1A3956D46DE8}") = "Comuns", "Comuns", "{A686F6E0-7C32-47D6-AC44-C9665090B34E}"
EndProject
Project("{2150E333-8FDC-42A3-9474-1A3956D46DE8}") = "DAO", "DAO", "{84BD2BAD-E852-4DAF-B42B-89D1CE9D28A6}"
EndProject
Project("{2150E333-8FDC-42A3-9474-1A3956D46DE8}") = "UserInterface", "UserInterface", "{C9D431C7-44CC-4036-9405-4285D5A7F2E9}"
EndProject
Project("{FAE04EC0-301F-11D3-BF4B-00C04F79EFBC}") = "Entidades", "Entidades\Entidades.csproj", "{BF77F3CE-F1A2-4C68-B661-113B11713D07}"
EndProject
Project("{FAE04EC0-301F-11D3-BF4B-00C04F79EFBC}") = "Classes", "Classes\Classes.csproj", "{4A76D075-585E-426D-A50C-F769E40E06AC}"
EndProject
Project("{FAE04EC0-301F-11D3-BF4B-00C04F79EFBC}") = "DAOs", "DAOs\DAOs.csproj", "{FAF55999-4FF3-4D0A-9620-F1CFD4ABC9F6}"
EndProject
Project("{FAE04EC0-301F-11D3-BF4B-00C04F79EFBC}") = "Crud", "Crud\Crud.csproj", "{BD31B25F-A687-4D32-A6E6-FCA3BF2DCD6D}"
EndProject
Global
	GlobalSection(SolutionConfigurationPlatforms) = preSolution
		Debug|Any CPU = Debug|Any CPU
		Release|Any CPU = Release|Any CPU
	EndGlobalSection
	GlobalSection(ProjectConfigurationPlatforms) = postSolution
		{C66D33B5-FFDE-4E37-B0B5-252936C1F7AE}.Debug|Any CPU.ActiveCfg = Debug|Any CPU
		{C66D33B5-FFDE-4E37-B0B5-252936C1F7AE}.Debug|Any CPU.Build.0 = Debug|Any CPU
		{C66D33B5-FFDE-4E37-B0B5-252936C1F7AE}.Release|Any CPU.ActiveCfg = Release|Any CPU
		{C66D33B5-FFDE-4E37-B0B5-252936C1F7AE}.Release|Any CPU.Build.0 = Release|Any CPU
		{BF77F3CE-F1A2-4C68-B661-113B11713D07}.Debug|Any CPU.ActiveCfg = Debug|Any CPU
		{BF77F3CE-F1A2-4C68-B661-113B11713D07}.Debug|Any CPU.Build.0 = Debug|Any CPU
		{BF77F3CE-F1A2-4C68-B661-113B11713D07}.Release|Any CPU.ActiveCfg = Release|Any CPU
		{BF77F3CE-F1A2-4C68-B661-113B11713D07}.Release|Any CPU.Build.0 = Release|Any CPU
		{4A76D075-585E-426D-A50C-F769E40E06AC}.Debug|Any CPU.ActiveCfg = Debug|Any CPU
		{4A76D075-585E-426D-A50C-F769E40E06AC}.Debug|Any CPU.Build.0 = Debug|Any CPU
		{4A76D075-585E-426D-A50C-F769E40E06AC}.Release|Any CPU.ActiveCfg = Release|Any CPU
		{4A76D075-585E-426D-A50C-F769E40E06AC}.Release|Any CPU.Build.0 = Release|Any CPU
		{FAF55999-4FF3-4D0A-9620-F1CFD4ABC9F6}.Debug|Any CPU.ActiveCfg = Debug|Any CPU
		{FAF55999-4FF3-4D0A-9620-F1CFD4ABC9F6}.Debug|Any CPU.Build.0 = Debug|Any CPU
		{FAF55999-4FF3-4D0A-9620-F1CFD4ABC9F6}.Release|Any CPU.ActiveCfg = Release|Any CPU
		{FAF55999-4FF3-4D0A-9620-F1CFD4ABC9F6}.Release|Any CPU.Build.0 = Release|Any CPU
		{BD31B25F-A687-4D32-A6E6-FCA3BF2DCD6D}.Debug|Any CPU.ActiveCfg = Debug|Any CPU
		{BD31B25F-A687-4D32-A6E6-FCA3BF2DCD6D}.Debug|Any CPU.Build.0 = Debug|Any CPU
		{BD31B25F-A687-4D32-A6E6-FCA3BF2DCD6D}.Release|Any CPU.ActiveCfg = Release|Any CPU
		{BD31B25F-A687-4D32-A6E6-FCA3BF2DCD6D}.Release|Any CPU.Build.0 = Release|Any CPU
	EndGlobalSection
	GlobalSection(SolutionProperties) = preSolution
		HideSolutionNode = FALSE
	EndGlobalSection
	GlobalSection(NestedProjects) = preSolution
		{C66D33B5-FFDE-4E37-B0B5-252936C1F7AE} = {C9D431C7-44CC-4036-9405-4285D5A7F2E9}
		{BF77F3CE-F1A2-4C68-B661-113B11713D07} = {A686F6E0-7C32-47D6-AC44-C9665090B34E}
		{4A76D075-585E-426D-A50C-F769E40E06AC} = {6A8C3253-B4FD-42ED-8710-A1FC6B60A270}
		{FAF55999-4FF3-4D0A-9620-F1CFD4ABC9F6} = {84BD2BAD-E852-4DAF-B42B-89D1CE9D28A6}
		{BD31B25F-A687-4D32-A6E6-FCA3BF2DCD6D} = {6A8C3253-B4FD-42ED-8710-A1FC6B60A270}
	EndGlobalSection
	GlobalSection(ExtensibilityGlobals) = postSolution
		SolutionGuid = {EFA709A3-D9F5-4D90-84EA-A9B3866E1241}
	EndGlobalSection
EndGlobal
